// !$*UTF8*$!
{
	archiveVersion = 1;
	classes = {
	};
	objectVersion = 46;
	objects = {

/* Begin PBXBuildFile section */
		4B07C3781D72C32100F96689 /* DownToStudyService.swift in Sources */ = {isa = PBXBuildFile; fileRef = 4B07C3771D72C32100F96689 /* DownToStudyService.swift */; };
		4B07C37C1D72C93100F96689 /* nearby_people.json in Resources */ = {isa = PBXBuildFile; fileRef = 4B07C37B1D72C93100F96689 /* nearby_people.json */; };
		4B07C37E1D72CE7800F96689 /* Message.swift in Sources */ = {isa = PBXBuildFile; fileRef = 4B07C37D1D72CE7800F96689 /* Message.swift */; };
		4B07C3801D72D11400F96689 /* available_events.json in Resources */ = {isa = PBXBuildFile; fileRef = 4B07C37F1D72D11400F96689 /* available_events.json */; };
		4B188A9C1D7229190038809E /* AppDelegate.swift in Sources */ = {isa = PBXBuildFile; fileRef = 4B188A9B1D7229190038809E /* AppDelegate.swift */; };
		4B188A9E1D7229190038809E /* ViewController.swift in Sources */ = {isa = PBXBuildFile; fileRef = 4B188A9D1D7229190038809E /* ViewController.swift */; };
		4B188AA11D7229190038809E /* Main.storyboard in Resources */ = {isa = PBXBuildFile; fileRef = 4B188A9F1D7229190038809E /* Main.storyboard */; };
		4B188AA31D7229190038809E /* Assets.xcassets in Resources */ = {isa = PBXBuildFile; fileRef = 4B188AA21D7229190038809E /* Assets.xcassets */; };
		4B188AA61D7229190038809E /* LaunchScreen.storyboard in Resources */ = {isa = PBXBuildFile; fileRef = 4B188AA41D7229190038809E /* LaunchScreen.storyboard */; };
		4B188AB31D72377B0038809E /* Event.swift in Sources */ = {isa = PBXBuildFile; fileRef = 4B188AB21D72377B0038809E /* Event.swift */; };
		4B188AB61D723B8A0038809E /* Location.swift in Sources */ = {isa = PBXBuildFile; fileRef = 4B188AB51D723B8A0038809E /* Location.swift */; };
		4B188AB81D723B980038809E /* User.swift in Sources */ = {isa = PBXBuildFile; fileRef = 4B188AB71D723B980038809E /* User.swift */; };
		4B188ABA1D723BE10038809E /* School.swift in Sources */ = {isa = PBXBuildFile; fileRef = 4B188AB91D723BE10038809E /* School.swift */; };
		4B188ABC1D723C3F0038809E /* Class.swift in Sources */ = {isa = PBXBuildFile; fileRef = 4B188ABB1D723C3F0038809E /* Class.swift */; };
		4B188AC01D7242820038809E /* StudyRoomService.swift in Sources */ = {isa = PBXBuildFile; fileRef = 4B188ABF1D7242820038809E /* StudyRoomService.swift */; };
		4B188AC71D7260E90038809E /* PrimarySchool.swift in Sources */ = {isa = PBXBuildFile; fileRef = 4B188AC61D7260E90038809E /* PrimarySchool.swift */; };
		4B188AC91D72644B0038809E /* DeviceUserResponse.swift in Sources */ = {isa = PBXBuildFile; fileRef = 4B188AC81D72644B0038809E /* DeviceUserResponse.swift */; };
		4B188ACE1D7272260038809E /* LoginViewController.swift in Sources */ = {isa = PBXBuildFile; fileRef = 4B188ACD1D7272260038809E /* LoginViewController.swift */; };
		4B188AD11D728B770038809E /* UserDefaultsManager.swift in Sources */ = {isa = PBXBuildFile; fileRef = 4B188AD01D728B770038809E /* UserDefaultsManager.swift */; };
		4B188AD41D728E1D0038809E /* Routes.swift in Sources */ = {isa = PBXBuildFile; fileRef = 4B188AD31D728E1D0038809E /* Routes.swift */; };
		6A2000BE1D72B82000011844 /* Radar.swift in Sources */ = {isa = PBXBuildFile; fileRef = 6A2000BD1D72B82000011844 /* Radar.swift */; };
		DCC84E0D0B07F23E2877C428 /* Pods_DownToStudy.framework in Frameworks */ = {isa = PBXBuildFile; fileRef = A7245CE053B9C48A5938D243 /* Pods_DownToStudy.framework */; };
/* End PBXBuildFile section */

/* Begin PBXFileReference section */
		4B07C3771D72C32100F96689 /* DownToStudyService.swift */ = {isa = PBXFileReference; fileEncoding = 4; lastKnownFileType = sourcecode.swift; path = DownToStudyService.swift; sourceTree = "<group>"; };
		4B07C37B1D72C93100F96689 /* nearby_people.json */ = {isa = PBXFileReference; fileEncoding = 4; lastKnownFileType = text.json; path = nearby_people.json; sourceTree = "<group>"; };
		4B07C37D1D72CE7800F96689 /* Message.swift */ = {isa = PBXFileReference; fileEncoding = 4; lastKnownFileType = sourcecode.swift; path = Message.swift; sourceTree = "<group>"; };
		4B07C37F1D72D11400F96689 /* available_events.json */ = {isa = PBXFileReference; fileEncoding = 4; lastKnownFileType = text.json; path = available_events.json; sourceTree = "<group>"; };
		4B188A981D7229190038809E /* DownToStudy.app */ = {isa = PBXFileReference; explicitFileType = wrapper.application; includeInIndex = 0; path = DownToStudy.app; sourceTree = BUILT_PRODUCTS_DIR; };
		4B188A9B1D7229190038809E /* AppDelegate.swift */ = {isa = PBXFileReference; lastKnownFileType = sourcecode.swift; path = AppDelegate.swift; sourceTree = "<group>"; };
		4B188A9D1D7229190038809E /* ViewController.swift */ = {isa = PBXFileReference; lastKnownFileType = sourcecode.swift; path = ViewController.swift; sourceTree = "<group>"; };
		4B188AA01D7229190038809E /* Base */ = {isa = PBXFileReference; lastKnownFileType = file.storyboard; name = Base; path = Base.lproj/Main.storyboard; sourceTree = "<group>"; };
		4B188AA21D7229190038809E /* Assets.xcassets */ = {isa = PBXFileReference; lastKnownFileType = folder.assetcatalog; path = Assets.xcassets; sourceTree = "<group>"; };
		4B188AA51D7229190038809E /* Base */ = {isa = PBXFileReference; lastKnownFileType = file.storyboard; name = Base; path = Base.lproj/LaunchScreen.storyboard; sourceTree = "<group>"; };
		4B188AA71D7229190038809E /* Info.plist */ = {isa = PBXFileReference; lastKnownFileType = text.plist.xml; path = Info.plist; sourceTree = "<group>"; };
		4B188AB21D72377B0038809E /* Event.swift */ = {isa = PBXFileReference; fileEncoding = 4; lastKnownFileType = sourcecode.swift; path = Event.swift; sourceTree = "<group>"; };
		4B188AB51D723B8A0038809E /* Location.swift */ = {isa = PBXFileReference; fileEncoding = 4; lastKnownFileType = sourcecode.swift; path = Location.swift; sourceTree = "<group>"; };
		4B188AB71D723B980038809E /* User.swift */ = {isa = PBXFileReference; fileEncoding = 4; lastKnownFileType = sourcecode.swift; path = User.swift; sourceTree = "<group>"; };
		4B188AB91D723BE10038809E /* School.swift */ = {isa = PBXFileReference; fileEncoding = 4; lastKnownFileType = sourcecode.swift; path = School.swift; sourceTree = "<group>"; };
		4B188ABB1D723C3F0038809E /* Class.swift */ = {isa = PBXFileReference; fileEncoding = 4; lastKnownFileType = sourcecode.swift; path = Class.swift; sourceTree = "<group>"; };
		4B188ABF1D7242820038809E /* StudyRoomService.swift */ = {isa = PBXFileReference; fileEncoding = 4; lastKnownFileType = sourcecode.swift; path = StudyRoomService.swift; sourceTree = "<group>"; };
		4B188AC61D7260E90038809E /* PrimarySchool.swift */ = {isa = PBXFileReference; fileEncoding = 4; lastKnownFileType = sourcecode.swift; path = PrimarySchool.swift; sourceTree = "<group>"; };
		4B188AC81D72644B0038809E /* DeviceUserResponse.swift */ = {isa = PBXFileReference; fileEncoding = 4; lastKnownFileType = sourcecode.swift; path = DeviceUserResponse.swift; sourceTree = "<group>"; };
		4B188ACD1D7272260038809E /* LoginViewController.swift */ = {isa = PBXFileReference; fileEncoding = 4; lastKnownFileType = sourcecode.swift; path = LoginViewController.swift; sourceTree = "<group>"; };
		4B188AD01D728B770038809E /* UserDefaultsManager.swift */ = {isa = PBXFileReference; fileEncoding = 4; lastKnownFileType = sourcecode.swift; path = UserDefaultsManager.swift; sourceTree = "<group>"; };
		4B188AD31D728E1D0038809E /* Routes.swift */ = {isa = PBXFileReference; fileEncoding = 4; lastKnownFileType = sourcecode.swift; path = Routes.swift; sourceTree = "<group>"; };
		6A2000BD1D72B82000011844 /* Radar.swift */ = {isa = PBXFileReference; fileEncoding = 4; lastKnownFileType = sourcecode.swift; path = Radar.swift; sourceTree = "<group>"; };
		9B5F74D6C143C7F8C24B98A4 /* Pods-DownToStudy.debug.xcconfig */ = {isa = PBXFileReference; includeInIndex = 1; lastKnownFileType = text.xcconfig; name = "Pods-DownToStudy.debug.xcconfig"; path = "Pods/Target Support Files/Pods-DownToStudy/Pods-DownToStudy.debug.xcconfig"; sourceTree = "<group>"; };
		A7245CE053B9C48A5938D243 /* Pods_DownToStudy.framework */ = {isa = PBXFileReference; explicitFileType = wrapper.framework; includeInIndex = 0; path = Pods_DownToStudy.framework; sourceTree = BUILT_PRODUCTS_DIR; };
		C330CA9A8D8742274D982AA7 /* Pods-DownToStudy.release.xcconfig */ = {isa = PBXFileReference; includeInIndex = 1; lastKnownFileType = text.xcconfig; name = "Pods-DownToStudy.release.xcconfig"; path = "Pods/Target Support Files/Pods-DownToStudy/Pods-DownToStudy.release.xcconfig"; sourceTree = "<group>"; };
/* End PBXFileReference section */

/* Begin PBXFrameworksBuildPhase section */
		4B188A951D7229190038809E /* Frameworks */ = {
			isa = PBXFrameworksBuildPhase;
			buildActionMask = 2147483647;
			files = (
				DCC84E0D0B07F23E2877C428 /* Pods_DownToStudy.framework in Frameworks */,
			);
			runOnlyForDeploymentPostprocessing = 0;
		};
/* End PBXFrameworksBuildPhase section */

/* Begin PBXGroup section */
		0522229846CE3FFE3FE0F2A6 /* Pods */ = {
			isa = PBXGroup;
			children = (
				9B5F74D6C143C7F8C24B98A4 /* Pods-DownToStudy.debug.xcconfig */,
				C330CA9A8D8742274D982AA7 /* Pods-DownToStudy.release.xcconfig */,
			);
			name = Pods;
			sourceTree = "<group>";
		};
		4B07C37A1D72C8FF00F96689 /* Resources */ = {
			isa = PBXGroup;
			children = (
				4B07C37B1D72C93100F96689 /* nearby_people.json */,
				4B07C37F1D72D11400F96689 /* available_events.json */,
			);
			name = Resources;
			sourceTree = "<group>";
		};
		4B188A8F1D7229190038809E = {
			isa = PBXGroup;
			children = (
				4B188A9A1D7229190038809E /* DownToStudy */,
				4B188A991D7229190038809E /* Products */,
				0522229846CE3FFE3FE0F2A6 /* Pods */,
				EA1586CFB29A39E359C1A589 /* Frameworks */,
			);
			sourceTree = "<group>";
		};
		4B188A991D7229190038809E /* Products */ = {
			isa = PBXGroup;
			children = (
				4B188A981D7229190038809E /* DownToStudy.app */,
			);
			name = Products;
			sourceTree = "<group>";
		};
		4B188A9A1D7229190038809E /* DownToStudy */ = {
			isa = PBXGroup;
			children = (
				4B07C37A1D72C8FF00F96689 /* Resources */,
				4B188ACF1D728B5A0038809E /* Tools */,
				4B188AB41D723A2E0038809E /* Networking */,
				4B188AAD1D7237070038809E /* Models */,
				4B188AAE1D72370C0038809E /* UI */,
				4B188A9B1D7229190038809E /* AppDelegate.swift */,
				4B188A9F1D7229190038809E /* Main.storyboard */,
				4B188AA21D7229190038809E /* Assets.xcassets */,
				4B188AA41D7229190038809E /* LaunchScreen.storyboard */,
				4B188AA71D7229190038809E /* Info.plist */,
			);
			path = DownToStudy;
			sourceTree = "<group>";
		};
		4B188AAD1D7237070038809E /* Models */ = {
			isa = PBXGroup;
			children = (
				4B188AC31D725F820038809E /* Responses */,
				4B188AB21D72377B0038809E /* Event.swift */,
				4B188AB51D723B8A0038809E /* Location.swift */,
				4B188AB71D723B980038809E /* User.swift */,
				4B188AB91D723BE10038809E /* School.swift */,
				4B188ABB1D723C3F0038809E /* Class.swift */,
				4B188AC61D7260E90038809E /* PrimarySchool.swift */,
				4B07C37D1D72CE7800F96689 /* Message.swift */,
			);
			name = Models;
			sourceTree = "<group>";
		};
		4B188AAE1D72370C0038809E /* UI */ = {
			isa = PBXGroup;
			children = (
				4B188AD21D728D830038809E /* Routes */,
				4B188AB11D7237300038809E /* Custom */,
				4B188AB01D7237270038809E /* Cells */,
				4B188AAF1D7237190038809E /* ViewControllers */,
			);
			name = UI;
			sourceTree = "<group>";
		};
		4B188AAF1D7237190038809E /* ViewControllers */ = {
			isa = PBXGroup;
			children = (
				4B188A9D1D7229190038809E /* ViewController.swift */,
				4B188ACD1D7272260038809E /* LoginViewController.swift */,
			);
			name = ViewControllers;
			sourceTree = "<group>";
		};
		4B188AB01D7237270038809E /* Cells */ = {
			isa = PBXGroup;
			children = (
			);
			name = Cells;
			sourceTree = "<group>";
		};
		4B188AB11D7237300038809E /* Custom */ = {
			isa = PBXGroup;
			children = (
				6A2000BD1D72B82000011844 /* Radar.swift */,
			);
			name = Custom;
			sourceTree = "<group>";
		};
		4B188AB41D723A2E0038809E /* Networking */ = {
			isa = PBXGroup;
			children = (
				4B188ABF1D7242820038809E /* StudyRoomService.swift */,
				4B07C3771D72C32100F96689 /* DownToStudyService.swift */,
			);
			name = Networking;
			sourceTree = "<group>";
		};
		4B188AC31D725F820038809E /* Responses */ = {
			isa = PBXGroup;
			children = (
				4B188AC81D72644B0038809E /* DeviceUserResponse.swift */,
			);
			name = Responses;
			sourceTree = "<group>";
		};
		4B188ACF1D728B5A0038809E /* Tools */ = {
			isa = PBXGroup;
			children = (
				4B188AD01D728B770038809E /* UserDefaultsManager.swift */,
			);
			name = Tools;
			sourceTree = "<group>";
		};
		4B188AD21D728D830038809E /* Routes */ = {
			isa = PBXGroup;
			children = (
				4B188AD31D728E1D0038809E /* Routes.swift */,
			);
			name = Routes;
			sourceTree = "<group>";
		};
		EA1586CFB29A39E359C1A589 /* Frameworks */ = {
			isa = PBXGroup;
			children = (
				A7245CE053B9C48A5938D243 /* Pods_DownToStudy.framework */,
			);
			name = Frameworks;
			sourceTree = "<group>";
		};
/* End PBXGroup section */

/* Begin PBXNativeTarget section */
		4B188A971D7229190038809E /* DownToStudy */ = {
			isa = PBXNativeTarget;
			buildConfigurationList = 4B188AAA1D7229190038809E /* Build configuration list for PBXNativeTarget "DownToStudy" */;
			buildPhases = (
				036F6DAF44B7190FCD4FDF57 /* [CP] Check Pods Manifest.lock */,
				4B188A941D7229190038809E /* Sources */,
				4B188A951D7229190038809E /* Frameworks */,
				4B188A961D7229190038809E /* Resources */,
				8D829AE1B79299724277D85B /* [CP] Embed Pods Frameworks */,
				3EC00A2258F949118A5139F6 /* [CP] Copy Pods Resources */,
			);
			buildRules = (
			);
			dependencies = (
			);
			name = DownToStudy;
			productName = DownToStudy;
			productReference = 4B188A981D7229190038809E /* DownToStudy.app */;
			productType = "com.apple.product-type.application";
		};
/* End PBXNativeTarget section */

/* Begin PBXProject section */
		4B188A901D7229190038809E /* Project object */ = {
			isa = PBXProject;
			attributes = {
				LastSwiftUpdateCheck = 0730;
				LastUpgradeCheck = 0730;
				ORGANIZATIONNAME = ZkHaider;
				TargetAttributes = {
					4B188A971D7229190038809E = {
						CreatedOnToolsVersion = 7.3.1;
					};
				};
			};
			buildConfigurationList = 4B188A931D7229190038809E /* Build configuration list for PBXProject "DownToStudy" */;
			compatibilityVersion = "Xcode 3.2";
			developmentRegion = English;
			hasScannedForEncodings = 0;
			knownRegions = (
				en,
				Base,
			);
			mainGroup = 4B188A8F1D7229190038809E;
			productRefGroup = 4B188A991D7229190038809E /* Products */;
			projectDirPath = "";
			projectRoot = "";
			targets = (
				4B188A971D7229190038809E /* DownToStudy */,
			);
		};
/* End PBXProject section */

/* Begin PBXResourcesBuildPhase section */
		4B188A961D7229190038809E /* Resources */ = {
			isa = PBXResourcesBuildPhase;
			buildActionMask = 2147483647;
			files = (
				4B07C3801D72D11400F96689 /* available_events.json in Resources */,
				4B188AA61D7229190038809E /* LaunchScreen.storyboard in Resources */,
				4B188AA31D7229190038809E /* Assets.xcassets in Resources */,
				4B188AA11D7229190038809E /* Main.storyboard in Resources */,
				4B07C37C1D72C93100F96689 /* nearby_people.json in Resources */,
			);
			runOnlyForDeploymentPostprocessing = 0;
		};
/* End PBXResourcesBuildPhase section */

/* Begin PBXShellScriptBuildPhase section */
		036F6DAF44B7190FCD4FDF57 /* [CP] Check Pods Manifest.lock */ = {
			isa = PBXShellScriptBuildPhase;
			buildActionMask = 2147483647;
			files = (
			);
			inputPaths = (
			);
			name = "[CP] Check Pods Manifest.lock";
			outputPaths = (
			);
			runOnlyForDeploymentPostprocessing = 0;
			shellPath = /bin/sh;
			shellScript = "diff \"${PODS_ROOT}/../Podfile.lock\" \"${PODS_ROOT}/Manifest.lock\" > /dev/null\nif [[ $? != 0 ]] ; then\n    cat << EOM\nerror: The sandbox is not in sync with the Podfile.lock. Run 'pod install' or update your CocoaPods installation.\nEOM\n    exit 1\nfi\n";
			showEnvVarsInLog = 0;
		};
		3EC00A2258F949118A5139F6 /* [CP] Copy Pods Resources */ = {
			isa = PBXShellScriptBuildPhase;
			buildActionMask = 2147483647;
			files = (
			);
			inputPaths = (
			);
			name = "[CP] Copy Pods Resources";
			outputPaths = (
			);
			runOnlyForDeploymentPostprocessing = 0;
			shellPath = /bin/sh;
			shellScript = "\"${SRCROOT}/Pods/Target Support Files/Pods-DownToStudy/Pods-DownToStudy-resources.sh\"\n";
			showEnvVarsInLog = 0;
		};
		8D829AE1B79299724277D85B /* [CP] Embed Pods Frameworks */ = {
			isa = PBXShellScriptBuildPhase;
			buildActionMask = 2147483647;
			files = (
			);
			inputPaths = (
			);
			name = "[CP] Embed Pods Frameworks";
			outputPaths = (
			);
			runOnlyForDeploymentPostprocessing = 0;
			shellPath = /bin/sh;
			shellScript = "\"${SRCROOT}/Pods/Target Support Files/Pods-DownToStudy/Pods-DownToStudy-frameworks.sh\"\n";
			showEnvVarsInLog = 0;
		};
/* End PBXShellScriptBuildPhase section */

/* Begin PBXSourcesBuildPhase section */
		4B188A941D7229190038809E /* Sources */ = {
			isa = PBXSourcesBuildPhase;
			buildActionMask = 2147483647;
			files = (
				4B188AC71D7260E90038809E /* PrimarySchool.swift in Sources */,
				4B188A9E1D7229190038809E /* ViewController.swift in Sources */,
				4B188AD11D728B770038809E /* UserDefaultsManager.swift in Sources */,
				4B188ABA1D723BE10038809E /* School.swift in Sources */,
				6A2000BE1D72B82000011844 /* Radar.swift in Sources */,
				4B188ABC1D723C3F0038809E /* Class.swift in Sources */,
				4B188AB31D72377B0038809E /* Event.swift in Sources */,
				4B188AB61D723B8A0038809E /* Location.swift in Sources */,
				4B07C3781D72C32100F96689 /* DownToStudyService.swift in Sources */,
				4B188AB81D723B980038809E /* User.swift in Sources */,
				4B188AD41D728E1D0038809E /* Routes.swift in Sources */,
				4B188A9C1D7229190038809E /* AppDelegate.swift in Sources */,
				4B188AC01D7242820038809E /* StudyRoomService.swift in Sources */,
				4B07C37E1D72CE7800F96689 /* Message.swift in Sources */,
				4B188AC91D72644B0038809E /* DeviceUserResponse.swift in Sources */,
				4B188ACE1D7272260038809E /* LoginViewController.swift in Sources */,
			);
			runOnlyForDeploymentPostprocessing = 0;
		};
/* End PBXSourcesBuildPhase section */

/* Begin PBXVariantGroup section */
		4B188A9F1D7229190038809E /* Main.storyboard */ = {
			isa = PBXVariantGroup;
			children = (
				4B188AA01D7229190038809E /* Base */,
			);
			name = Main.storyboard;
			sourceTree = "<group>";
		};
		4B188AA41D7229190038809E /* LaunchScreen.storyboard */ = {
			isa = PBXVariantGroup;
			children = (
				4B188AA51D7229190038809E /* Base */,
			);
			name = LaunchScreen.storyboard;
			sourceTree = "<group>";
		};
/* End PBXVariantGroup section */

/* Begin XCBuildConfiguration section */
		4B188AA81D7229190038809E /* Debug */ = {
			isa = XCBuildConfiguration;
			buildSettings = {
				ALWAYS_SEARCH_USER_PATHS = NO;
				CLANG_ANALYZER_NONNULL = YES;
				CLANG_CXX_LANGUAGE_STANDARD = "gnu++0x";
				CLANG_CXX_LIBRARY = "libc++";
				CLANG_ENABLE_MODULES = YES;
				CLANG_ENABLE_OBJC_ARC = YES;
				CLANG_WARN_BOOL_CONVERSION = YES;
				CLANG_WARN_CONSTANT_CONVERSION = YES;
				CLANG_WARN_DIRECT_OBJC_ISA_USAGE = YES_ERROR;
				CLANG_WARN_EMPTY_BODY = YES;
				CLANG_WARN_ENUM_CONVERSION = YES;
				CLANG_WARN_INT_CONVERSION = YES;
				CLANG_WARN_OBJC_ROOT_CLASS = YES_ERROR;
				CLANG_WARN_UNREACHABLE_CODE = YES;
				CLANG_WARN__DUPLICATE_METHOD_MATCH = YES;
				"CODE_SIGN_IDENTITY[sdk=iphoneos*]" = "iPhone Developer";
				COPY_PHASE_STRIP = NO;
				DEBUG_INFORMATION_FORMAT = dwarf;
				ENABLE_STRICT_OBJC_MSGSEND = YES;
				ENABLE_TESTABILITY = YES;
				GCC_C_LANGUAGE_STANDARD = gnu99;
				GCC_DYNAMIC_NO_PIC = NO;
				GCC_NO_COMMON_BLOCKS = YES;
				GCC_OPTIMIZATION_LEVEL = 0;
				GCC_PREPROCESSOR_DEFINITIONS = (
					"DEBUG=1",
					"$(inherited)",
				);
				GCC_WARN_64_TO_32_BIT_CONVERSION = YES;
				GCC_WARN_ABOUT_RETURN_TYPE = YES_ERROR;
				GCC_WARN_UNDECLARED_SELECTOR = YES;
				GCC_WARN_UNINITIALIZED_AUTOS = YES_AGGRESSIVE;
				GCC_WARN_UNUSED_FUNCTION = YES;
				GCC_WARN_UNUSED_VARIABLE = YES;
				IPHONEOS_DEPLOYMENT_TARGET = 9.3;
				MTL_ENABLE_DEBUG_INFO = YES;
				ONLY_ACTIVE_ARCH = YES;
				SDKROOT = iphoneos;
				SWIFT_OPTIMIZATION_LEVEL = "-Onone";
			};
			name = Debug;
		};
		4B188AA91D7229190038809E /* Release */ = {
			isa = XCBuildConfiguration;
			buildSettings = {
				ALWAYS_SEARCH_USER_PATHS = NO;
				CLANG_ANALYZER_NONNULL = YES;
				CLANG_CXX_LANGUAGE_STANDARD = "gnu++0x";
				CLANG_CXX_LIBRARY = "libc++";
				CLANG_ENABLE_MODULES = YES;
				CLANG_ENABLE_OBJC_ARC = YES;
				CLANG_WARN_BOOL_CONVERSION = YES;
				CLANG_WARN_CONSTANT_CONVERSION = YES;
				CLANG_WARN_DIRECT_OBJC_ISA_USAGE = YES_ERROR;
				CLANG_WARN_EMPTY_BODY = YES;
				CLANG_WARN_ENUM_CONVERSION = YES;
				CLANG_WARN_INT_CONVERSION = YES;
				CLANG_WARN_OBJC_ROOT_CLASS = YES_ERROR;
				CLANG_WARN_UNREACHABLE_CODE = YES;
				CLANG_WARN__DUPLICATE_METHOD_MATCH = YES;
				"CODE_SIGN_IDENTITY[sdk=iphoneos*]" = "iPhone Developer";
				COPY_PHASE_STRIP = NO;
				DEBUG_INFORMATION_FORMAT = "dwarf-with-dsym";
				ENABLE_NS_ASSERTIONS = NO;
				ENABLE_STRICT_OBJC_MSGSEND = YES;
				GCC_C_LANGUAGE_STANDARD = gnu99;
				GCC_NO_COMMON_BLOCKS = YES;
				GCC_WARN_64_TO_32_BIT_CONVERSION = YES;
				GCC_WARN_ABOUT_RETURN_TYPE = YES_ERROR;
				GCC_WARN_UNDECLARED_SELECTOR = YES;
				GCC_WARN_UNINITIALIZED_AUTOS = YES_AGGRESSIVE;
				GCC_WARN_UNUSED_FUNCTION = YES;
				GCC_WARN_UNUSED_VARIABLE = YES;
				IPHONEOS_DEPLOYMENT_TARGET = 9.3;
				MTL_ENABLE_DEBUG_INFO = NO;
				SDKROOT = iphoneos;
				VALIDATE_PRODUCT = YES;
			};
			name = Release;
		};
		4B188AAB1D7229190038809E /* Debug */ = {
			isa = XCBuildConfiguration;
			baseConfigurationReference = 9B5F74D6C143C7F8C24B98A4 /* Pods-DownToStudy.debug.xcconfig */;
			buildSettings = {
				ASSETCATALOG_COMPILER_APPICON_NAME = AppIcon;
				INFOPLIST_FILE = DownToStudy/Info.plist;
				LD_RUNPATH_SEARCH_PATHS = "$(inherited) @executable_path/Frameworks";
				PRODUCT_BUNDLE_IDENTIFIER = com.zkhaider.DownToStudy;
				PRODUCT_NAME = "$(TARGET_NAME)";
			};
			name = Debug;
		};
		4B188AAC1D7229190038809E /* Release */ = {
			isa = XCBuildConfiguration;
			baseConfigurationReference = C330CA9A8D8742274D982AA7 /* Pods-DownToStudy.release.xcconfig */;
			buildSettings = {
				ASSETCATALOG_COMPILER_APPICON_NAME = AppIcon;
				INFOPLIST_FILE = DownToStudy/Info.plist;
				LD_RUNPATH_SEARCH_PATHS = "$(inherited) @executable_path/Frameworks";
				PRODUCT_BUNDLE_IDENTIFIER = com.zkhaider.DownToStudy;
				PRODUCT_NAME = "$(TARGET_NAME)";
			};
			name = Release;
		};
/* End XCBuildConfiguration section */

/* Begin XCConfigurationList section */
		4B188A931D7229190038809E /* Build configuration list for PBXProject "DownToStudy" */ = {
			isa = XCConfigurationList;
			buildConfigurations = (
				4B188AA81D7229190038809E /* Debug */,
				4B188AA91D7229190038809E /* Release */,
			);
			defaultConfigurationIsVisible = 0;
			defaultConfigurationName = Release;
		};
		4B188AAA1D7229190038809E /* Build configuration list for PBXNativeTarget "DownToStudy" */ = {
			isa = XCConfigurationList;
			buildConfigurations = (
				4B188AAB1D7229190038809E /* Debug */,
				4B188AAC1D7229190038809E /* Release */,
			);
			defaultConfigurationIsVisible = 0;
			defaultConfigurationName = Release;
		};
/* End XCConfigurationList section */
	};
	rootObject = 4B188A901D7229190038809E /* Project object */;
}
